
Microsoft Visual Studio Solution File, Format Version 12.00
# Visual Studio Version 16
VisualStudioVersion = 16.0.31729.503
MinimumVisualStudioVersion = 10.0.40219.1
Project("{FAE04EC0-301F-11D3-BF4B-00C04F79EFBC}") = "test", "test\test.csproj", "{FC6E0A16-AA71-481F-8B0B-BD89111BFD1C}"
EndProject
Global
	GlobalSection(SolutionConfigurationPlatforms) = preSolution
		Debug|Any CPU = Debug|Any CPU
		Release|Any CPU = Release|Any CPU
	EndGlobalSection
	GlobalSection(ProjectConfigurationPlatforms) = postSolution
		{FC6E0A16-AA71-481F-8B0B-BD89111BFD1C}.Debug|Any CPU.ActiveCfg = Debug|Any CPU
		{FC6E0A16-AA71-481F-8B0B-BD89111BFD1C}.Debug|Any CPU.Build.0 = Debug|Any CPU
		{FC6E0A16-AA71-481F-8B0B-BD89111BFD1C}.Release|Any CPU.ActiveCfg = Release|Any CPU
		{FC6E0A16-AA71-481F-8B0B-BD89111BFD1C}.Release|Any CPU.Build.0 = Release|Any CPU
	EndGlobalSection
	GlobalSection(SolutionProperties) = preSolution
		HideSolutionNode = FALSE
	EndGlobalSection
	GlobalSection(ExtensibilityGlobals) = postSolution
		SolutionGuid = {C7B40C15-AFBA-47C5-A39C-EB9DF2976987}
	EndGlobalSection
EndGlobal
